// !$*UTF8*$!
{
	archiveVersion = 1;
	classes = {
	};
	objectVersion = 70;
	objects = {

/* Begin PBXBuildFile section */
		1F006B0A29D0A9BE0048C6DD /* Algorithms in Frameworks */ = {isa = PBXBuildFile; productRef = 1F006B0929D0A9BE0048C6DD /* Algorithms */; };
		1F0F0F642A9D220E00E23BA7 /* Themes.xcassets in Resources */ = {isa = PBXBuildFile; fileRef = 1F0F0F632A9D220E00E23BA7 /* Themes.xcassets */; };
		1F2F54EA2A0236E500B6D7E4 /* Gifu in Frameworks */ = {isa = PBXBuildFile; productRef = 1F2F54E92A0236E500B6D7E4 /* Gifu */; };
		1F3C8B752D22D175008231A9 /* secp256k1 in Frameworks */ = {isa = PBXBuildFile; productRef = 1F3C8B742D22D175008231A9 /* secp256k1 */; };
		1F3E135429C89B9F00D076EA /* NukeVideo in Frameworks */ = {isa = PBXBuildFile; productRef = 1F3E135329C89B9F00D076EA /* NukeVideo */; };
		1F747A102B3F1E9D0020F4A5 /* RepresentableKit in Frameworks */ = {isa = PBXBuildFile; productRef = 1F747A0F2B3F1E9D0020F4A5 /* RepresentableKit */; };
		1F75257629962AA300477AF2 /* Nuke in Frameworks */ = {isa = PBXBuildFile; productRef = 1F75257529962AA300477AF2 /* Nuke */; };
		1F75257829962AA300477AF2 /* NukeExtensions in Frameworks */ = {isa = PBXBuildFile; productRef = 1F75257729962AA300477AF2 /* NukeExtensions */; };
		1F75257A29962AA300477AF2 /* NukeUI in Frameworks */ = {isa = PBXBuildFile; productRef = 1F75257929962AA300477AF2 /* NukeUI */; };
		1F77AD0B2A42133000585E12 /* MarkdownUI in Frameworks */ = {isa = PBXBuildFile; productRef = 1F77AD0A2A42133000585E12 /* MarkdownUI */; };
		1F7B21912AE3D6C000CE972E /* NostrEssentials in Frameworks */ = {isa = PBXBuildFile; productRef = 1F7B21902AE3D6C000CE972E /* NostrEssentials */; };
		1F7D18AF2E3D116B00395289 /* FFmpeg-iOS in Frameworks */ = {isa = PBXBuildFile; productRef = 1F7D18AE2E3D116B00395289 /* FFmpeg-iOS */; };
		1F7D1E1A2E3D174D00395289 /* FFmpeg-iOS in Frameworks */ = {isa = PBXBuildFile; productRef = 1F7D1E192E3D174D00395289 /* FFmpeg-iOS */; };
		1F91D8F62A17C55F00C419A3 /* Collections in Frameworks */ = {isa = PBXBuildFile; productRef = 1F91D8F52A17C55F00C419A3 /* Collections */; };
		1FA6D5532C5A6A90001C3FDB /* SwiftUIIntrospect in Frameworks */ = {isa = PBXBuildFile; productRef = 1FA6D5522C5A6A90001C3FDB /* SwiftUIIntrospect */; };
		1FA97AA62C3F61480091446A /* LiveKit in Frameworks */ = {isa = PBXBuildFile; productRef = 1FA97AA52C3F61480091446A /* LiveKit */; };
		1FAC67AE29F5523200798661 /* Assets.xcassets in Resources */ = {isa = PBXBuildFile; fileRef = 1FB448C62965F3D200038671 /* Assets.xcassets */; };
		1FB4132C2D9C544C0069936C /* CloudKit.framework in Frameworks */ = {isa = PBXBuildFile; fileRef = 1FB4132B2D9C544B0069936C /* CloudKit.framework */; };
		1FB6E6F529E31C71008BE8A6 /* HTMLEntities in Frameworks */ = {isa = PBXBuildFile; productRef = 1FB6E6F429E31C71008BE8A6 /* HTMLEntities */; };
		1FBCD61C2CAAB127008258C3 /* XCTest.framework in Frameworks */ = {isa = PBXBuildFile; fileRef = 1FBCD61B2CAAB127008258C3 /* XCTest.framework */; platformFilter = ios; };
		1FBCD61D2CAAB127008258C3 /* XCTest.framework in Embed Frameworks */ = {isa = PBXBuildFile; fileRef = 1FBCD61B2CAAB127008258C3 /* XCTest.framework */; platformFilter = ios; settings = {ATTRIBUTES = (CodeSignOnCopy, RemoveHeadersOnCopy, ); }; };
		1FBF0BF02DB1969C001FF318 /* Share selected text with Nostur.appex in Embed Foundation Extensions */ = {isa = PBXBuildFile; fileRef = 1FC7A54429FA46F000645FEF /* Share selected text with Nostur.appex */; settings = {ATTRIBUTES = (RemoveHeadersOnCopy, ); }; };
		1FC4D40B2997E58E004E88CD /* KeychainAccess in Frameworks */ = {isa = PBXBuildFile; productRef = 1FC4D40A2997E58E004E88CD /* KeychainAccess */; };
		1FC5834F2BDDBA5B000C3588 /* SwiftUIFlow in Frameworks */ = {isa = PBXBuildFile; productRef = 1FC5834E2BDDBA5B000C3588 /* SwiftUIFlow */; };
		1FC7A54529FA46F000645FEF /* UniformTypeIdentifiers.framework in Frameworks */ = {isa = PBXBuildFile; fileRef = 1FC7A4D929F99AB100645FEF /* UniformTypeIdentifiers.framework */; };
		1FE8828B2B48E9DC00A903F0 /* NavigationBackport in Frameworks */ = {isa = PBXBuildFile; productRef = 1FE8828A2B48E9DC00A903F0 /* NavigationBackport */; };
/* End PBXBuildFile section */

/* Begin PBXContainerItemProxy section */
		1FBCD6162CAAB112008258C3 /* PBXContainerItemProxy */ = {
			isa = PBXContainerItemProxy;
			containerPortal = 1FB448B22965F3D000038671 /* Project object */;
			proxyType = 1;
			remoteGlobalIDString = 1FB448B92965F3D000038671;
			remoteInfo = Nostur;
		};
		1FCFDDCC29FCC735005320B8 /* PBXContainerItemProxy */ = {
			isa = PBXContainerItemProxy;
			containerPortal = 1FB448B22965F3D000038671 /* Project object */;
			proxyType = 1;
			remoteGlobalIDString = 1FC7A54329FA46F000645FEF;
			remoteInfo = "Highlight with Nostur";
		};
/* End PBXContainerItemProxy section */

/* Begin PBXCopyFilesBuildPhase section */
		1F7D1E022E3D162800395289 /* Embed Frameworks */ = {
			isa = PBXCopyFilesBuildPhase;
			buildActionMask = 2147483647;
			dstPath = "";
			dstSubfolderSpec = 10;
			files = (
			);
			name = "Embed Frameworks";
			runOnlyForDeploymentPostprocessing = 0;
		};
		1FBCD61E2CAAB127008258C3 /* Embed Frameworks */ = {
			isa = PBXCopyFilesBuildPhase;
			buildActionMask = 2147483647;
			dstPath = "";
			dstSubfolderSpec = 10;
			files = (
				1FBCD61D2CAAB127008258C3 /* XCTest.framework in Embed Frameworks */,
			);
			name = "Embed Frameworks";
			runOnlyForDeploymentPostprocessing = 0;
		};
		1FCFDDCE29FCC735005320B8 /* Embed Foundation Extensions */ = {
			isa = PBXCopyFilesBuildPhase;
			buildActionMask = 2147483647;
			dstPath = "";
			dstSubfolderSpec = 13;
			files = (
				1FBF0BF02DB1969C001FF318 /* Share selected text with Nostur.appex in Embed Foundation Extensions */,
			);
			name = "Embed Foundation Extensions";
			runOnlyForDeploymentPostprocessing = 0;
		};
/* End PBXCopyFilesBuildPhase section */

/* Begin PBXFileReference section */
		1F06D2D92A584318007B9373 /* README.md */ = {isa = PBXFileReference; lastKnownFileType = net.daringfireball.markdown; path = README.md; sourceTree = "<group>"; };
		1F0F0F632A9D220E00E23BA7 /* Themes.xcassets */ = {isa = PBXFileReference; lastKnownFileType = folder.assetcatalog; path = Themes.xcassets; sourceTree = "<group>"; };
		1F18035C2C381D570025227E /* NostrEssentials.xctestplan */ = {isa = PBXFileReference; lastKnownFileType = text; path = NostrEssentials.xctestplan; sourceTree = "<group>"; };
		1F7483562A67904900CA7026 /* CREDITS.md */ = {isa = PBXFileReference; lastKnownFileType = net.daringfireball.markdown; path = CREDITS.md; sourceTree = "<group>"; };
		1F7483572A6797F600CA7026 /* MISSION.md */ = {isa = PBXFileReference; lastKnownFileType = net.daringfireball.markdown; path = MISSION.md; sourceTree = "<group>"; };
		1F9D69D82A3077F400628460 /* Config.xcconfig */ = {isa = PBXFileReference; lastKnownFileType = text.xcconfig; path = Config.xcconfig; sourceTree = SOURCE_ROOT; };
		1FB4132B2D9C544B0069936C /* CloudKit.framework */ = {isa = PBXFileReference; lastKnownFileType = wrapper.framework; name = CloudKit.framework; path = System/Library/Frameworks/CloudKit.framework; sourceTree = SDKROOT; };
		1FB448BA2965F3D000038671 /* Nostur.app */ = {isa = PBXFileReference; explicitFileType = wrapper.application; includeInIndex = 0; path = Nostur.app; sourceTree = BUILT_PRODUCTS_DIR; };
		1FB448C62965F3D200038671 /* Assets.xcassets */ = {isa = PBXFileReference; lastKnownFileType = folder.assetcatalog; path = Assets.xcassets; sourceTree = "<group>"; };
		1FBCD61B2CAAB127008258C3 /* XCTest.framework */ = {isa = PBXFileReference; lastKnownFileType = wrapper.framework; name = XCTest.framework; path = Platforms/iPhoneOS.platform/Developer/Library/Frameworks/XCTest.framework; sourceTree = DEVELOPER_DIR; };
		1FBCD6562CAC0009008258C3 /* NosturTests.xctest */ = {isa = PBXFileReference; explicitFileType = wrapper.cfbundle; includeInIndex = 0; path = NosturTests.xctest; sourceTree = BUILT_PRODUCTS_DIR; };
		1FC7A4D929F99AB100645FEF /* UniformTypeIdentifiers.framework */ = {isa = PBXFileReference; lastKnownFileType = wrapper.framework; name = UniformTypeIdentifiers.framework; path = System/Library/Frameworks/UniformTypeIdentifiers.framework; sourceTree = SDKROOT; };
		1FC7A54429FA46F000645FEF /* Share selected text with Nostur.appex */ = {isa = PBXFileReference; explicitFileType = "wrapper.app-extension"; includeInIndex = 0; path = "Share selected text with Nostur.appex"; sourceTree = BUILT_PRODUCTS_DIR; };
		1FEA81B72BCB52040059D569 /* PrivacyInfo.xcprivacy */ = {isa = PBXFileReference; lastKnownFileType = text.xml; path = PrivacyInfo.xcprivacy; sourceTree = "<group>"; };
/* End PBXFileReference section */

/* Begin PBXFileSystemSynchronizedBuildFileExceptionSet section */
		1FCEDD3E2D68914600587618 /* PBXFileSystemSynchronizedBuildFileExceptionSet */ = {
			isa = PBXFileSystemSynchronizedBuildFileExceptionSet;
			membershipExceptions = (
				Info.plist,
			);
			target = 1FC7A54329FA46F000645FEF /* Share selected text with Nostur */;
		};
		1FD951E72D7A945300435BB0 /* PBXFileSystemSynchronizedBuildFileExceptionSet */ = {
			isa = PBXFileSystemSynchronizedBuildFileExceptionSet;
			membershipExceptions = (
				Info.plist,
			);
			target = 1FB448B92965F3D000038671 /* Nostur */;
		};
/* End PBXFileSystemSynchronizedBuildFileExceptionSet section */

/* Begin PBXFileSystemSynchronizedRootGroup section */
		1FBCD6132CAAB112008258C3 /* NosturTests */ = {isa = PBXFileSystemSynchronizedRootGroup; explicitFileTypes = {}; explicitFolders = (); path = NosturTests; sourceTree = "<group>"; };
		1FCEDD312D68913B00587618 /* ci_scripts */ = {isa = PBXFileSystemSynchronizedRootGroup; explicitFileTypes = {}; explicitFolders = (); path = ci_scripts; sourceTree = "<group>"; };
		1FCEDD382D68914600587618 /* Highlight with Nostur */ = {isa = PBXFileSystemSynchronizedRootGroup; exceptions = (1FCEDD3E2D68914600587618 /* PBXFileSystemSynchronizedBuildFileExceptionSet */, ); explicitFileTypes = {}; explicitFolders = (); path = "Highlight with Nostur"; sourceTree = "<group>"; };
		1FCEDD4E2D68915E00587618 /* Libraries */ = {isa = PBXFileSystemSynchronizedRootGroup; explicitFileTypes = {}; explicitFolders = (); path = Libraries; sourceTree = "<group>"; };
		1FD94FD22D7A945300435BB0 /* Nostur */ = {isa = PBXFileSystemSynchronizedRootGroup; exceptions = (1FD951E72D7A945300435BB0 /* PBXFileSystemSynchronizedBuildFileExceptionSet */, ); explicitFileTypes = {}; explicitFolders = (); path = Nostur; sourceTree = "<group>"; };
/* End PBXFileSystemSynchronizedRootGroup section */

/* Begin PBXFrameworksBuildPhase section */
		1FB448B72965F3D000038671 /* Frameworks */ = {
			isa = PBXFrameworksBuildPhase;
			buildActionMask = 2147483647;
			files = (
				1F3C8B752D22D175008231A9 /* secp256k1 in Frameworks */,
				1F75257829962AA300477AF2 /* NukeExtensions in Frameworks */,
				1FA6D5532C5A6A90001C3FDB /* SwiftUIIntrospect in Frameworks */,
				1F7D1E1A2E3D174D00395289 /* FFmpeg-iOS in Frameworks */,
				1FB4132C2D9C544C0069936C /* CloudKit.framework in Frameworks */,
				1FC5834F2BDDBA5B000C3588 /* SwiftUIFlow in Frameworks */,
				1F7D18AF2E3D116B00395289 /* FFmpeg-iOS in Frameworks */,
				1FB6E6F529E31C71008BE8A6 /* HTMLEntities in Frameworks */,
				1FE8828B2B48E9DC00A903F0 /* NavigationBackport in Frameworks */,
				1F3E135429C89B9F00D076EA /* NukeVideo in Frameworks */,
				1F77AD0B2A42133000585E12 /* MarkdownUI in Frameworks */,
				1F75257629962AA300477AF2 /* Nuke in Frameworks */,
				1F91D8F62A17C55F00C419A3 /* Collections in Frameworks */,
				1F747A102B3F1E9D0020F4A5 /* RepresentableKit in Frameworks */,
				1F2F54EA2A0236E500B6D7E4 /* Gifu in Frameworks */,
				1FC4D40B2997E58E004E88CD /* KeychainAccess in Frameworks */,
				1F006B0A29D0A9BE0048C6DD /* Algorithms in Frameworks */,
				1F75257A29962AA300477AF2 /* NukeUI in Frameworks */,
				1F7B21912AE3D6C000CE972E /* NostrEssentials in Frameworks */,
				1FA97AA62C3F61480091446A /* LiveKit in Frameworks */,
			);
			runOnlyForDeploymentPostprocessing = 0;
		};
		1FBCD60F2CAAB112008258C3 /* Frameworks */ = {
			isa = PBXFrameworksBuildPhase;
			buildActionMask = 2147483647;
			files = (
				1FBCD61C2CAAB127008258C3 /* XCTest.framework in Frameworks */,
			);
			runOnlyForDeploymentPostprocessing = 0;
		};
		1FC7A54129FA46F000645FEF /* Frameworks */ = {
			isa = PBXFrameworksBuildPhase;
			buildActionMask = 2147483647;
			files = (
				1FC7A54529FA46F000645FEF /* UniformTypeIdentifiers.framework in Frameworks */,
			);
			runOnlyForDeploymentPostprocessing = 0;
		};
/* End PBXFrameworksBuildPhase section */

/* Begin PBXGroup section */
		1F7C65B629A1466D009FF3EA /* Frameworks */ = {
			isa = PBXGroup;
			children = (
				1FB4132B2D9C544B0069936C /* CloudKit.framework */,
				1FBCD61B2CAAB127008258C3 /* XCTest.framework */,
				1FC7A4D929F99AB100645FEF /* UniformTypeIdentifiers.framework */,
			);
			name = Frameworks;
			sourceTree = "<group>";
		};
		1FB448B12965F3D000038671 = {
			isa = PBXGroup;
			children = (
				1FCEDD312D68913B00587618 /* ci_scripts */,
				1FD94FD22D7A945300435BB0 /* Nostur */,
				1F7483562A67904900CA7026 /* CREDITS.md */,
				1F7483572A6797F600CA7026 /* MISSION.md */,
				1F06D2D92A584318007B9373 /* README.md */,
				1FEA81B72BCB52040059D569 /* PrivacyInfo.xcprivacy */,
				1F9D69D82A3077F400628460 /* Config.xcconfig */,
				1FB448C62965F3D200038671 /* Assets.xcassets */,
				1F0F0F632A9D220E00E23BA7 /* Themes.xcassets */,
				1F18035C2C381D570025227E /* NostrEssentials.xctestplan */,
				1FCEDD382D68914600587618 /* Highlight with Nostur */,
				1FBCD6132CAAB112008258C3 /* NosturTests */,
				1FB448BB2965F3D000038671 /* Products */,
				1F7C65B629A1466D009FF3EA /* Frameworks */,
				1FCEDD4E2D68915E00587618 /* Libraries */,
			);
			sourceTree = "<group>";
		};
		1FB448BB2965F3D000038671 /* Products */ = {
			isa = PBXGroup;
			children = (
				1FB448BA2965F3D000038671 /* Nostur.app */,
				1FC7A54429FA46F000645FEF /* Share selected text with Nostur.appex */,
				1FBCD6562CAC0009008258C3 /* NosturTests.xctest */,
			);
			name = Products;
			sourceTree = "<group>";
		};
/* End PBXGroup section */

/* Begin PBXNativeTarget section */
		1FB448B92965F3D000038671 /* Nostur */ = {
			isa = PBXNativeTarget;
			buildConfigurationList = 1FB448CE2965F3D200038671 /* Build configuration list for PBXNativeTarget "Nostur" */;
			buildPhases = (
				1FB448B62965F3D000038671 /* Sources */,
				1FB448B72965F3D000038671 /* Frameworks */,
				1FB448B82965F3D000038671 /* Resources */,
				1FCFDDCE29FCC735005320B8 /* Embed Foundation Extensions */,
				1F7D1E022E3D162800395289 /* Embed Frameworks */,
			);
			buildRules = (
			);
			dependencies = (
				1FCFDDCD29FCC735005320B8 /* PBXTargetDependency */,
			);
			fileSystemSynchronizedGroups = (
				1FCEDD4E2D68915E00587618 /* Libraries */,
				1FD94FD22D7A945300435BB0 /* Nostur */,
			);
			name = Nostur;
			packageProductDependencies = (
				1F75257529962AA300477AF2 /* Nuke */,
				1F75257729962AA300477AF2 /* NukeExtensions */,
				1F75257929962AA300477AF2 /* NukeUI */,
				1FC4D40A2997E58E004E88CD /* KeychainAccess */,
				1F3E135329C89B9F00D076EA /* NukeVideo */,
				1F006B0929D0A9BE0048C6DD /* Algorithms */,
				1FB6E6F429E31C71008BE8A6 /* HTMLEntities */,
				1F2F54E92A0236E500B6D7E4 /* Gifu */,
				1F91D8F52A17C55F00C419A3 /* Collections */,
				1F77AD0A2A42133000585E12 /* MarkdownUI */,
				1F7B21902AE3D6C000CE972E /* NostrEssentials */,
				1F747A0F2B3F1E9D0020F4A5 /* RepresentableKit */,
				1FE8828A2B48E9DC00A903F0 /* NavigationBackport */,
				1FC5834E2BDDBA5B000C3588 /* SwiftUIFlow */,
				1FA97AA52C3F61480091446A /* LiveKit */,
				1FA6D5522C5A6A90001C3FDB /* SwiftUIIntrospect */,
				1F3C8B742D22D175008231A9 /* secp256k1 */,
				1F7D18AE2E3D116B00395289 /* FFmpeg-iOS */,
				1F7D1E192E3D174D00395289 /* FFmpeg-iOS */,
			);
			productName = Nostur;
			productReference = 1FB448BA2965F3D000038671 /* Nostur.app */;
			productType = "com.apple.product-type.application";
		};
		1FBCD6112CAAB112008258C3 /* NosturTests */ = {
			isa = PBXNativeTarget;
			buildConfigurationList = 1FBCD6182CAAB112008258C3 /* Build configuration list for PBXNativeTarget "NosturTests" */;
			buildPhases = (
				1FBCD60E2CAAB112008258C3 /* Sources */,
				1FBCD60F2CAAB112008258C3 /* Frameworks */,
				1FBCD6102CAAB112008258C3 /* Resources */,
				1FBCD61E2CAAB127008258C3 /* Embed Frameworks */,
			);
			buildRules = (
			);
			dependencies = (
				1FBCD6172CAAB112008258C3 /* PBXTargetDependency */,
			);
			fileSystemSynchronizedGroups = (
				1FBCD6132CAAB112008258C3 /* NosturTests */,
			);
			name = NosturTests;
			packageProductDependencies = (
			);
			productName = NosturTests;
			productReference = 1FBCD6562CAC0009008258C3 /* NosturTests.xctest */;
			productType = "com.apple.product-type.bundle.unit-test";
		};
		1FC7A54329FA46F000645FEF /* Share selected text with Nostur */ = {
			isa = PBXNativeTarget;
			buildConfigurationList = 1FC7A55229FA46F000645FEF /* Build configuration list for PBXNativeTarget "Share selected text with Nostur" */;
			buildPhases = (
				1FC7A54029FA46F000645FEF /* Sources */,
				1FC7A54129FA46F000645FEF /* Frameworks */,
				1FC7A54229FA46F000645FEF /* Resources */,
			);
			buildRules = (
			);
			dependencies = (
			);
			fileSystemSynchronizedGroups = (
				1FCEDD382D68914600587618 /* Highlight with Nostur */,
			);
			name = "Share selected text with Nostur";
			productName = "Highlight with Nostur";
			productReference = 1FC7A54429FA46F000645FEF /* Share selected text with Nostur.appex */;
			productType = "com.apple.product-type.app-extension";
		};
/* End PBXNativeTarget section */

/* Begin PBXProject section */
		1FB448B22965F3D000038671 /* Project object */ = {
			isa = PBXProject;
			attributes = {
				BuildIndependentTargetsInParallel = 1;
				LastSwiftUpdateCheck = 1610;
				LastUpgradeCheck = 2600;
				TargetAttributes = {
					1FB448B92965F3D000038671 = {
						CreatedOnToolsVersion = 14.2;
					};
					1FBCD6112CAAB112008258C3 = {
						CreatedOnToolsVersion = 16.0;
						TestTargetID = 1FB448B92965F3D000038671;
					};
					1FC7A54329FA46F000645FEF = {
						CreatedOnToolsVersion = 14.3;
					};
				};
			};
			buildConfigurationList = 1FB448B52965F3D000038671 /* Build configuration list for PBXProject "Nostur" */;
			compatibilityVersion = "Xcode 14.0";
			developmentRegion = en;
			hasScannedForEncodings = 0;
			knownRegions = (
				en,
				Base,
				nl,
				de,
				he,
				ar,
				el,
				"zh-Hans",
				ja,
				uk,
				"zh-HK",
				nb,
				"en-GB",
				es,
				da,
				"es-419",
				it,
				sk,
				"fr-CA",
				ms,
				sv,
				cs,
				ko,
				"zh-Hant",
				hu,
				"en-AU",
				tr,
				pl,
				"pt-BR",
				vi,
				ru,
				fr,
				fi,
				id,
				th,
				"pt-PT",
				ro,
				hr,
				hi,
				ca,
				"en-IN",
			);
			mainGroup = 1FB448B12965F3D000038671;
			packageReferences = (
				1F75257429962AA300477AF2 /* XCRemoteSwiftPackageReference "Nuke" */,
				1FC4D4092997E58E004E88CD /* XCRemoteSwiftPackageReference "KeychainAccess" */,
				1F006B0829D0A9BE0048C6DD /* XCRemoteSwiftPackageReference "swift-algorithms" */,
				1FB6E6F329E31C71008BE8A6 /* XCRemoteSwiftPackageReference "swift-html-entities" */,
				1F558B3D29FE66CE002938A3 /* XCRemoteSwiftPackageReference "swift-collections" */,
				1F2F54E82A0236E400B6D7E4 /* XCRemoteSwiftPackageReference "Gifu" */,
				1F77AD092A42133000585E12 /* XCRemoteSwiftPackageReference "swift-markdown-ui" */,
				1F7B218F2AE3D6C000CE972E /* XCRemoteSwiftPackageReference "nostr-essentials" */,
				1F747A0E2B3F1E9C0020F4A5 /* XCRemoteSwiftPackageReference "RepresentableKit" */,
				1FE882892B48E9DC00A903F0 /* XCRemoteSwiftPackageReference "NavigationBackport" */,
				1FC5834D2BDDB98A000C3588 /* XCRemoteSwiftPackageReference "SwiftUIFlow" */,
				1FA97AA42C3F61480091446A /* XCRemoteSwiftPackageReference "client-sdk-swift" */,
				1FA6D5512C5A6A90001C3FDB /* XCRemoteSwiftPackageReference "swiftui-introspect" */,
				1F3C8B732D22D175008231A9 /* XCRemoteSwiftPackageReference "secp256k1" */,
				1F7D1E182E3D174D00395289 /* XCRemoteSwiftPackageReference "FFmpeg-iOS" */,
			);
			productRefGroup = 1FB448BB2965F3D000038671 /* Products */;
			projectDirPath = "";
			projectRoot = "";
			targets = (
				1FB448B92965F3D000038671 /* Nostur */,
				1FC7A54329FA46F000645FEF /* Share selected text with Nostur */,
				1FBCD6112CAAB112008258C3 /* NosturTests */,
			);
		};
/* End PBXProject section */

/* Begin PBXResourcesBuildPhase section */
		1FB448B82965F3D000038671 /* Resources */ = {
			isa = PBXResourcesBuildPhase;
			buildActionMask = 2147483647;
			files = (
				1FAC67AE29F5523200798661 /* Assets.xcassets in Resources */,
				1F0F0F642A9D220E00E23BA7 /* Themes.xcassets in Resources */,
			);
			runOnlyForDeploymentPostprocessing = 0;
		};
		1FBCD6102CAAB112008258C3 /* Resources */ = {
			isa = PBXResourcesBuildPhase;
			buildActionMask = 2147483647;
			files = (
			);
			runOnlyForDeploymentPostprocessing = 0;
		};
		1FC7A54229FA46F000645FEF /* Resources */ = {
			isa = PBXResourcesBuildPhase;
			buildActionMask = 2147483647;
			files = (
			);
			runOnlyForDeploymentPostprocessing = 0;
		};
/* End PBXResourcesBuildPhase section */

/* Begin PBXSourcesBuildPhase section */
		1FB448B62965F3D000038671 /* Sources */ = {
			isa = PBXSourcesBuildPhase;
			buildActionMask = 2147483647;
			files = (
			);
			runOnlyForDeploymentPostprocessing = 0;
		};
		1FBCD60E2CAAB112008258C3 /* Sources */ = {
			isa = PBXSourcesBuildPhase;
			buildActionMask = 2147483647;
			files = (
			);
			runOnlyForDeploymentPostprocessing = 0;
		};
		1FC7A54029FA46F000645FEF /* Sources */ = {
			isa = PBXSourcesBuildPhase;
			buildActionMask = 2147483647;
			files = (
			);
			runOnlyForDeploymentPostprocessing = 0;
		};
/* End PBXSourcesBuildPhase section */

/* Begin PBXTargetDependency section */
		1FBCD6172CAAB112008258C3 /* PBXTargetDependency */ = {
			isa = PBXTargetDependency;
			target = 1FB448B92965F3D000038671 /* Nostur */;
			targetProxy = 1FBCD6162CAAB112008258C3 /* PBXContainerItemProxy */;
		};
		1FCFDDCD29FCC735005320B8 /* PBXTargetDependency */ = {
			isa = PBXTargetDependency;
			target = 1FC7A54329FA46F000645FEF /* Share selected text with Nostur */;
			targetProxy = 1FCFDDCC29FCC735005320B8 /* PBXContainerItemProxy */;
		};
/* End PBXTargetDependency section */

/* Begin XCBuildConfiguration section */
		1FB448CC2965F3D200038671 /* Debug */ = {
			isa = XCBuildConfiguration;
			baseConfigurationReference = 1F9D69D82A3077F400628460 /* Config.xcconfig */;
			buildSettings = {
				ALWAYS_SEARCH_USER_PATHS = NO;
				ASSETCATALOG_COMPILER_GENERATE_SWIFT_ASSET_SYMBOL_EXTENSIONS = YES;
				ASSETCATALOG_COMPILER_GLOBAL_ACCENT_COLOR_NAME = AccentColor;
				CLANG_ANALYZER_LOCALIZABILITY_NONLOCALIZED = YES;
				CLANG_ANALYZER_NONNULL = YES;
				CLANG_ANALYZER_NUMBER_OBJECT_CONVERSION = YES_AGGRESSIVE;
				CLANG_CXX_LANGUAGE_STANDARD = "gnu++20";
				CLANG_ENABLE_MODULES = YES;
				CLANG_ENABLE_OBJC_ARC = YES;
				CLANG_ENABLE_OBJC_WEAK = YES;
				CLANG_WARN_BLOCK_CAPTURE_AUTORELEASING = YES;
				CLANG_WARN_BOOL_CONVERSION = YES;
				CLANG_WARN_COMMA = YES;
				CLANG_WARN_CONSTANT_CONVERSION = YES;
				CLANG_WARN_DEPRECATED_OBJC_IMPLEMENTATIONS = YES;
				CLANG_WARN_DIRECT_OBJC_ISA_USAGE = YES_ERROR;
				CLANG_WARN_DOCUMENTATION_COMMENTS = YES;
				CLANG_WARN_EMPTY_BODY = YES;
				CLANG_WARN_ENUM_CONVERSION = YES;
				CLANG_WARN_INFINITE_RECURSION = YES;
				CLANG_WARN_INT_CONVERSION = YES;
				CLANG_WARN_NON_LITERAL_NULL_CONVERSION = YES;
				CLANG_WARN_OBJC_IMPLICIT_RETAIN_SELF = YES;
				CLANG_WARN_OBJC_LITERAL_CONVERSION = YES;
				CLANG_WARN_OBJC_ROOT_CLASS = YES_ERROR;
				CLANG_WARN_QUOTED_INCLUDE_IN_FRAMEWORK_HEADER = YES;
				CLANG_WARN_RANGE_LOOP_ANALYSIS = YES;
				CLANG_WARN_STRICT_PROTOTYPES = YES;
				CLANG_WARN_SUSPICIOUS_MOVE = YES;
				CLANG_WARN_UNGUARDED_AVAILABILITY = YES_AGGRESSIVE;
				CLANG_WARN_UNREACHABLE_CODE = YES;
				CLANG_WARN__DUPLICATE_METHOD_MATCH = YES;
				COPY_PHASE_STRIP = NO;
				DEAD_CODE_STRIPPING = YES;
				DEBUG_INFORMATION_FORMAT = "dwarf-with-dsym";
				DEVELOPMENT_TEAM = 5T4GDWX88Z;
				ENABLE_STRICT_OBJC_MSGSEND = YES;
				ENABLE_TESTABILITY = YES;
				ENABLE_USER_SCRIPT_SANDBOXING = YES;
				EXCLUDED_ARCHS = "";
				GCC_C_LANGUAGE_STANDARD = gnu11;
				GCC_DYNAMIC_NO_PIC = NO;
				GCC_NO_COMMON_BLOCKS = YES;
				GCC_OPTIMIZATION_LEVEL = 0;
				GCC_PREPROCESSOR_DEFINITIONS = (
					"DEBUG=1",
					"$(inherited)",
				);
				GCC_WARN_64_TO_32_BIT_CONVERSION = YES;
				GCC_WARN_ABOUT_RETURN_TYPE = YES_ERROR;
				GCC_WARN_UNDECLARED_SELECTOR = YES;
				GCC_WARN_UNINITIALIZED_AUTOS = YES_AGGRESSIVE;
				GCC_WARN_UNUSED_FUNCTION = YES;
				GCC_WARN_UNUSED_VARIABLE = YES;
				IPHONEOS_DEPLOYMENT_TARGET = 15.5;
				LOCALIZATION_PREFERS_STRING_CATALOGS = YES;
				MACOSX_DEPLOYMENT_TARGET = 12.4;
				MOMC_NO_INVERSE_RELATIONSHIP_WARNINGS = YES;
				MTL_ENABLE_DEBUG_INFO = INCLUDE_SOURCE;
				MTL_FAST_MATH = YES;
				ONLY_ACTIVE_ARCH = YES;
				STRING_CATALOG_GENERATE_SYMBOLS = YES;
				SUPPORTS_MACCATALYST = YES;
				SUPPORTS_MAC_DESIGNED_FOR_IPHONE_IPAD = YES;
				SWIFT_ACTIVE_COMPILATION_CONDITIONS = DEBUG;
				SWIFT_OPTIMIZATION_LEVEL = "-Onone";
				SWIFT_UPCOMING_FEATURE_GLOBAL_CONCURRENCY = YES;
			};
			name = Debug;
		};
		1FB448CD2965F3D200038671 /* Release */ = {
			isa = XCBuildConfiguration;
			baseConfigurationReference = 1F9D69D82A3077F400628460 /* Config.xcconfig */;
			buildSettings = {
				ALWAYS_SEARCH_USER_PATHS = NO;
				ASSETCATALOG_COMPILER_GENERATE_SWIFT_ASSET_SYMBOL_EXTENSIONS = YES;
				ASSETCATALOG_COMPILER_GLOBAL_ACCENT_COLOR_NAME = AccentColor;
				CLANG_ANALYZER_LOCALIZABILITY_NONLOCALIZED = YES;
				CLANG_ANALYZER_NONNULL = YES;
				CLANG_ANALYZER_NUMBER_OBJECT_CONVERSION = YES_AGGRESSIVE;
				CLANG_CXX_LANGUAGE_STANDARD = "gnu++20";
				CLANG_ENABLE_MODULES = YES;
				CLANG_ENABLE_OBJC_ARC = YES;
				CLANG_ENABLE_OBJC_WEAK = YES;
				CLANG_WARN_BLOCK_CAPTURE_AUTORELEASING = YES;
				CLANG_WARN_BOOL_CONVERSION = YES;
				CLANG_WARN_COMMA = YES;
				CLANG_WARN_CONSTANT_CONVERSION = YES;
				CLANG_WARN_DEPRECATED_OBJC_IMPLEMENTATIONS = YES;
				CLANG_WARN_DIRECT_OBJC_ISA_USAGE = YES_ERROR;
				CLANG_WARN_DOCUMENTATION_COMMENTS = YES;
				CLANG_WARN_EMPTY_BODY = YES;
				CLANG_WARN_ENUM_CONVERSION = YES;
				CLANG_WARN_INFINITE_RECURSION = YES;
				CLANG_WARN_INT_CONVERSION = YES;
				CLANG_WARN_NON_LITERAL_NULL_CONVERSION = YES;
				CLANG_WARN_OBJC_IMPLICIT_RETAIN_SELF = YES;
				CLANG_WARN_OBJC_LITERAL_CONVERSION = YES;
				CLANG_WARN_OBJC_ROOT_CLASS = YES_ERROR;
				CLANG_WARN_QUOTED_INCLUDE_IN_FRAMEWORK_HEADER = YES;
				CLANG_WARN_RANGE_LOOP_ANALYSIS = YES;
				CLANG_WARN_STRICT_PROTOTYPES = YES;
				CLANG_WARN_SUSPICIOUS_MOVE = YES;
				CLANG_WARN_UNGUARDED_AVAILABILITY = YES_AGGRESSIVE;
				CLANG_WARN_UNREACHABLE_CODE = YES;
				CLANG_WARN__DUPLICATE_METHOD_MATCH = YES;
				COPY_PHASE_STRIP = NO;
				DEAD_CODE_STRIPPING = YES;
				DEBUG_INFORMATION_FORMAT = "dwarf-with-dsym";
				DEVELOPMENT_TEAM = 5T4GDWX88Z;
				ENABLE_NS_ASSERTIONS = NO;
				ENABLE_STRICT_OBJC_MSGSEND = YES;
				ENABLE_USER_SCRIPT_SANDBOXING = YES;
				EXCLUDED_ARCHS = "";
				GCC_C_LANGUAGE_STANDARD = gnu11;
				GCC_NO_COMMON_BLOCKS = YES;
				GCC_WARN_64_TO_32_BIT_CONVERSION = YES;
				GCC_WARN_ABOUT_RETURN_TYPE = YES_ERROR;
				GCC_WARN_UNDECLARED_SELECTOR = YES;
				GCC_WARN_UNINITIALIZED_AUTOS = YES_AGGRESSIVE;
				GCC_WARN_UNUSED_FUNCTION = YES;
				GCC_WARN_UNUSED_VARIABLE = YES;
				IPHONEOS_DEPLOYMENT_TARGET = 15.5;
				LOCALIZATION_PREFERS_STRING_CATALOGS = YES;
				MACOSX_DEPLOYMENT_TARGET = 12.4;
				MOMC_NO_INVERSE_RELATIONSHIP_WARNINGS = YES;
				MTL_ENABLE_DEBUG_INFO = NO;
				MTL_FAST_MATH = YES;
				STRING_CATALOG_GENERATE_SYMBOLS = YES;
				SUPPORTS_MACCATALYST = YES;
				SUPPORTS_MAC_DESIGNED_FOR_IPHONE_IPAD = YES;
				SWIFT_COMPILATION_MODE = wholemodule;
				SWIFT_OPTIMIZATION_LEVEL = "-O";
				SWIFT_UPCOMING_FEATURE_GLOBAL_CONCURRENCY = YES;
			};
			name = Release;
		};
		1FB448CF2965F3D200038671 /* Debug */ = {
			isa = XCBuildConfiguration;
			baseConfigurationReference = 1F9D69D82A3077F400628460 /* Config.xcconfig */;
			buildSettings = {
				ASSETCATALOG_COMPILER_APPICON_NAME = AppIcon;
				ASSETCATALOG_COMPILER_GLOBAL_ACCENT_COLOR_NAME = AccentColor;
				CODE_SIGN_ENTITLEMENTS = Nostur/Nostur.entitlements;
				CODE_SIGN_STYLE = Automatic;
				CURRENT_PROJECT_VERSION = 1;
				DEVELOPMENT_ASSET_PATHS = "\"Nostur/Preview Content\"";
				ENABLE_APP_SANDBOX = YES;
				ENABLE_HARDENED_RUNTIME = YES;
				"ENABLE_HARDENED_RUNTIME[sdk=macosx*]" = YES;
				ENABLE_OUTGOING_NETWORK_CONNECTIONS = YES;
				ENABLE_PREVIEWS = YES;
				ENABLE_RESOURCE_ACCESS_AUDIO_INPUT = YES;
				ENABLE_RESOURCE_ACCESS_CAMERA = YES;
				ENABLE_RESOURCE_ACCESS_PHOTO_LIBRARY = YES;
				ENABLE_USER_SELECTED_FILES = readwrite;
				EXCLUDED_ARCHS = "";
				GENERATE_INFOPLIST_FILE = YES;
				INFOPLIST_FILE = Nostur/Info.plist;
				INFOPLIST_KEY_CFBundleDisplayName = Nostur;
				INFOPLIST_KEY_LSApplicationCategoryType = "public.app-category.social-networking";
				INFOPLIST_KEY_NSCameraUsageDescription = "Take pictures you want to post on nostr";
				INFOPLIST_KEY_NSMicrophoneUsageDescription = "To use voice chats";
				INFOPLIST_KEY_NSPhotoLibraryAddUsageDescription = "To save screenshots or videos to your Photo Library";
				"INFOPLIST_KEY_UIApplicationSceneManifest_Generation[sdk=iphoneos*]" = YES;
				"INFOPLIST_KEY_UIApplicationSceneManifest_Generation[sdk=iphonesimulator*]" = YES;
				INFOPLIST_KEY_UIApplicationSupportsIndirectInputEvents = YES;
				"INFOPLIST_KEY_UIApplicationSupportsIndirectInputEvents[sdk=iphoneos*]" = YES;
				"INFOPLIST_KEY_UIApplicationSupportsIndirectInputEvents[sdk=iphonesimulator*]" = YES;
				"INFOPLIST_KEY_UILaunchScreen_Generation[sdk=iphoneos*]" = YES;
				"INFOPLIST_KEY_UILaunchScreen_Generation[sdk=iphonesimulator*]" = YES;
				INFOPLIST_KEY_UIStatusBarStyle = UIStatusBarStyleDefault;
				"INFOPLIST_KEY_UIStatusBarStyle[sdk=iphoneos*]" = UIStatusBarStyleDefault;
				"INFOPLIST_KEY_UIStatusBarStyle[sdk=iphonesimulator*]" = UIStatusBarStyleDefault;
				INFOPLIST_KEY_UISupportedInterfaceOrientations = UIInterfaceOrientationPortrait;
				INFOPLIST_KEY_UISupportedInterfaceOrientations_iPad = "UIInterfaceOrientationLandscapeLeft UIInterfaceOrientationLandscapeRight UIInterfaceOrientationPortrait UIInterfaceOrientationPortraitUpsideDown";
				IPHONEOS_DEPLOYMENT_TARGET = 15.5;
				LD_RUNPATH_SEARCH_PATHS = "@executable_path/Frameworks";
				"LD_RUNPATH_SEARCH_PATHS[sdk=macosx*]" = "@executable_path/../Frameworks";
				LOCALIZATION_PREFERS_STRING_CATALOGS = YES;
				MACOSX_DEPLOYMENT_TARGET = 12.4;
				MARKETING_VERSION = "$(APPSTORE_VERSION)";
				PRODUCT_BUNDLE_IDENTIFIER = nostur.com.Nostur;
				PRODUCT_NAME = "$(TARGET_NAME)";
				SDKROOT = iphoneos;
				SUPPORTED_PLATFORMS = "iphoneos iphonesimulator";
				SUPPORTS_MACCATALYST = YES;
				SUPPORTS_MAC_DESIGNED_FOR_IPHONE_IPAD = NO;
				SUPPORTS_XR_DESIGNED_FOR_IPHONE_IPAD = NO;
				SWIFT_EMIT_LOC_STRINGS = YES;
				SWIFT_VERSION = 5.0;
				TARGETED_DEVICE_FAMILY = "1,2";
			};
			name = Debug;
		};
		1FB448D02965F3D200038671 /* Release */ = {
			isa = XCBuildConfiguration;
			baseConfigurationReference = 1F9D69D82A3077F400628460 /* Config.xcconfig */;
			buildSettings = {
				ASSETCATALOG_COMPILER_APPICON_NAME = AppIcon;
				ASSETCATALOG_COMPILER_GLOBAL_ACCENT_COLOR_NAME = AccentColor;
				CODE_SIGN_ENTITLEMENTS = Nostur/Nostur.entitlements;
				CODE_SIGN_STYLE = Automatic;
				CURRENT_PROJECT_VERSION = 1;
				DEVELOPMENT_ASSET_PATHS = "\"Nostur/Preview Content\"";
				ENABLE_APP_SANDBOX = YES;
				ENABLE_HARDENED_RUNTIME = YES;
				"ENABLE_HARDENED_RUNTIME[sdk=macosx*]" = YES;
				ENABLE_OUTGOING_NETWORK_CONNECTIONS = YES;
				ENABLE_PREVIEWS = YES;
				ENABLE_RESOURCE_ACCESS_AUDIO_INPUT = YES;
				ENABLE_RESOURCE_ACCESS_CAMERA = YES;
				ENABLE_RESOURCE_ACCESS_PHOTO_LIBRARY = YES;
				ENABLE_USER_SELECTED_FILES = readwrite;
				EXCLUDED_ARCHS = "";
				GENERATE_INFOPLIST_FILE = YES;
				INFOPLIST_FILE = Nostur/Info.plist;
				INFOPLIST_KEY_CFBundleDisplayName = Nostur;
				INFOPLIST_KEY_LSApplicationCategoryType = "public.app-category.social-networking";
				INFOPLIST_KEY_NSCameraUsageDescription = "Take pictures you want to post on nostr";
				INFOPLIST_KEY_NSMicrophoneUsageDescription = "To use voice chats";
				INFOPLIST_KEY_NSPhotoLibraryAddUsageDescription = "To save screenshots or videos to your Photo Library";
				"INFOPLIST_KEY_UIApplicationSceneManifest_Generation[sdk=iphoneos*]" = YES;
				"INFOPLIST_KEY_UIApplicationSceneManifest_Generation[sdk=iphonesimulator*]" = YES;
				INFOPLIST_KEY_UIApplicationSupportsIndirectInputEvents = YES;
				"INFOPLIST_KEY_UIApplicationSupportsIndirectInputEvents[sdk=iphoneos*]" = YES;
				"INFOPLIST_KEY_UIApplicationSupportsIndirectInputEvents[sdk=iphonesimulator*]" = YES;
				"INFOPLIST_KEY_UILaunchScreen_Generation[sdk=iphoneos*]" = YES;
				"INFOPLIST_KEY_UILaunchScreen_Generation[sdk=iphonesimulator*]" = YES;
				INFOPLIST_KEY_UIStatusBarStyle = UIStatusBarStyleDefault;
				"INFOPLIST_KEY_UIStatusBarStyle[sdk=iphoneos*]" = UIStatusBarStyleDefault;
				"INFOPLIST_KEY_UIStatusBarStyle[sdk=iphonesimulator*]" = UIStatusBarStyleDefault;
				INFOPLIST_KEY_UISupportedInterfaceOrientations = UIInterfaceOrientationPortrait;
				INFOPLIST_KEY_UISupportedInterfaceOrientations_iPad = "UIInterfaceOrientationLandscapeLeft UIInterfaceOrientationLandscapeRight UIInterfaceOrientationPortrait UIInterfaceOrientationPortraitUpsideDown";
				IPHONEOS_DEPLOYMENT_TARGET = 15.5;
				LD_RUNPATH_SEARCH_PATHS = "@executable_path/Frameworks";
				"LD_RUNPATH_SEARCH_PATHS[sdk=macosx*]" = "@executable_path/../Frameworks";
				LOCALIZATION_PREFERS_STRING_CATALOGS = YES;
				MACOSX_DEPLOYMENT_TARGET = 12.4;
				MARKETING_VERSION = "$(APPSTORE_VERSION)";
				PRODUCT_BUNDLE_IDENTIFIER = nostur.com.Nostur;
				PRODUCT_NAME = "$(TARGET_NAME)";
				SDKROOT = iphoneos;
				SUPPORTED_PLATFORMS = "iphoneos iphonesimulator";
				SUPPORTS_MACCATALYST = YES;
				SUPPORTS_MAC_DESIGNED_FOR_IPHONE_IPAD = NO;
				SUPPORTS_XR_DESIGNED_FOR_IPHONE_IPAD = NO;
				SWIFT_EMIT_LOC_STRINGS = YES;
				SWIFT_VERSION = 5.0;
				TARGETED_DEVICE_FAMILY = "1,2";
			};
			name = Release;
		};
		1FBCD6192CAAB112008258C3 /* Debug */ = {
			isa = XCBuildConfiguration;
			buildSettings = {
				BUNDLE_LOADER = "$(TEST_HOST)";
				CODE_SIGN_IDENTITY = "Apple Development";
				CODE_SIGN_STYLE = Automatic;
				CURRENT_PROJECT_VERSION = 1;
				DEBUG_INFORMATION_FORMAT = dwarf;
				GCC_C_LANGUAGE_STANDARD = gnu17;
				GENERATE_INFOPLIST_FILE = YES;
				IPHONEOS_DEPLOYMENT_TARGET = 15.6;
				MACOSX_DEPLOYMENT_TARGET = 12.4;
				MARKETING_VERSION = 1.0;
				PRODUCT_BUNDLE_IDENTIFIER = com.nostur.NosturTests;
				PRODUCT_NAME = "$(TARGET_NAME)";
				PROVISIONING_PROFILE_SPECIFIER = "";
				SDKROOT = iphoneos;
				SUPPORTED_PLATFORMS = "iphoneos iphonesimulator";
				SUPPORTS_MACCATALYST = YES;
				SUPPORTS_MAC_DESIGNED_FOR_IPHONE_IPAD = NO;
				SUPPORTS_XR_DESIGNED_FOR_IPHONE_IPAD = NO;
				SWIFT_ACTIVE_COMPILATION_CONDITIONS = "DEBUG $(inherited)";
				SWIFT_EMIT_LOC_STRINGS = NO;
				SWIFT_VERSION = 5.0;
				TARGETED_DEVICE_FAMILY = "1,2";
				TEST_HOST = "$(BUILT_PRODUCTS_DIR)/Nostur.app/$(BUNDLE_EXECUTABLE_FOLDER_PATH)/Nostur";
				XROS_DEPLOYMENT_TARGET = 2.0;
			};
			name = Debug;
		};
		1FBCD61A2CAAB112008258C3 /* Release */ = {
			isa = XCBuildConfiguration;
			buildSettings = {
				BUNDLE_LOADER = "$(TEST_HOST)";
				CODE_SIGN_IDENTITY = "Apple Development";
				CODE_SIGN_STYLE = Automatic;
				CURRENT_PROJECT_VERSION = 1;
				GCC_C_LANGUAGE_STANDARD = gnu17;
				GENERATE_INFOPLIST_FILE = YES;
				IPHONEOS_DEPLOYMENT_TARGET = 15.6;
				MACOSX_DEPLOYMENT_TARGET = 12.4;
				MARKETING_VERSION = 1.0;
				PRODUCT_BUNDLE_IDENTIFIER = com.nostur.NosturTests;
				PRODUCT_NAME = "$(TARGET_NAME)";
				PROVISIONING_PROFILE_SPECIFIER = "";
				SDKROOT = iphoneos;
				SUPPORTED_PLATFORMS = "iphoneos iphonesimulator";
				SUPPORTS_MACCATALYST = YES;
				SUPPORTS_MAC_DESIGNED_FOR_IPHONE_IPAD = NO;
				SUPPORTS_XR_DESIGNED_FOR_IPHONE_IPAD = NO;
				SWIFT_EMIT_LOC_STRINGS = NO;
				SWIFT_VERSION = 5.0;
				TARGETED_DEVICE_FAMILY = "1,2";
				TEST_HOST = "$(BUILT_PRODUCTS_DIR)/Nostur.app/$(BUNDLE_EXECUTABLE_FOLDER_PATH)/Nostur";
				XROS_DEPLOYMENT_TARGET = 2.0;
			};
			name = Release;
		};
		1FC7A55329FA46F000645FEF /* Debug */ = {
			isa = XCBuildConfiguration;
			buildSettings = {
				CODE_SIGN_ENTITLEMENTS = "Highlight with Nostur/Highlight with Nostur.entitlements";
				CODE_SIGN_IDENTITY = "Apple Development";
				"CODE_SIGN_IDENTITY[sdk=macosx*]" = "Apple Development";
				CODE_SIGN_STYLE = Automatic;
				CURRENT_PROJECT_VERSION = 1;
				GENERATE_INFOPLIST_FILE = YES;
				INFOPLIST_FILE = "Highlight with Nostur/Info.plist";
				INFOPLIST_KEY_CFBundleDisplayName = "Share selected text with Nostur";
				INFOPLIST_KEY_NSHumanReadableCopyright = "";
				IPHONEOS_DEPLOYMENT_TARGET = 16.0;
				"IPHONEOS_DEPLOYMENT_TARGET[sdk=macosx*]" = 12.4;
				LD_RUNPATH_SEARCH_PATHS = (
					"$(inherited)",
					"@executable_path/Frameworks",
					"@executable_path/../../Frameworks",
				);
				LOCALIZATION_PREFERS_STRING_CATALOGS = YES;
				MARKETING_VERSION = "$(APPSTORE_VERSION)";
				PRODUCT_BUNDLE_IDENTIFIER = "nostur.com.Nostur.Share-highlight-with-Nostur";
				PRODUCT_NAME = "$(TARGET_NAME)";
				PROVISIONING_PROFILE_SPECIFIER = "";
				SDKROOT = iphoneos;
				SKIP_INSTALL = YES;
				SUPPORTED_PLATFORMS = "iphoneos iphonesimulator";
				SUPPORTS_MACCATALYST = YES;
				SUPPORTS_MAC_DESIGNED_FOR_IPHONE_IPAD = NO;
				SWIFT_EMIT_LOC_STRINGS = YES;
				SWIFT_VERSION = 5.0;
				TARGETED_DEVICE_FAMILY = "1,2";
			};
			name = Debug;
		};
		1FC7A55429FA46F000645FEF /* Release */ = {
			isa = XCBuildConfiguration;
			buildSettings = {
				CODE_SIGN_ENTITLEMENTS = "Highlight with Nostur/Highlight with Nostur.entitlements";
				CODE_SIGN_IDENTITY = "Apple Development";
				"CODE_SIGN_IDENTITY[sdk=macosx*]" = "Apple Development";
				CODE_SIGN_STYLE = Automatic;
				CURRENT_PROJECT_VERSION = 1;
				GENERATE_INFOPLIST_FILE = YES;
				INFOPLIST_FILE = "Highlight with Nostur/Info.plist";
				INFOPLIST_KEY_CFBundleDisplayName = "Share selected text with Nostur";
				INFOPLIST_KEY_NSHumanReadableCopyright = "";
				IPHONEOS_DEPLOYMENT_TARGET = 16.0;
				"IPHONEOS_DEPLOYMENT_TARGET[sdk=macosx*]" = 12.4;
				LD_RUNPATH_SEARCH_PATHS = (
					"$(inherited)",
					"@executable_path/Frameworks",
					"@executable_path/../../Frameworks",
				);
				LOCALIZATION_PREFERS_STRING_CATALOGS = YES;
				MARKETING_VERSION = "$(APPSTORE_VERSION)";
				PRODUCT_BUNDLE_IDENTIFIER = "nostur.com.Nostur.Share-highlight-with-Nostur";
				PRODUCT_NAME = "$(TARGET_NAME)";
				PROVISIONING_PROFILE_SPECIFIER = "";
				SDKROOT = iphoneos;
				SKIP_INSTALL = YES;
				SUPPORTED_PLATFORMS = "iphoneos iphonesimulator";
				SUPPORTS_MACCATALYST = YES;
				SUPPORTS_MAC_DESIGNED_FOR_IPHONE_IPAD = NO;
				SWIFT_EMIT_LOC_STRINGS = YES;
				SWIFT_VERSION = 5.0;
				TARGETED_DEVICE_FAMILY = "1,2";
				VALIDATE_PRODUCT = YES;
			};
			name = Release;
		};
/* End XCBuildConfiguration section */

/* Begin XCConfigurationList section */
		1FB448B52965F3D000038671 /* Build configuration list for PBXProject "Nostur" */ = {
			isa = XCConfigurationList;
			buildConfigurations = (
				1FB448CC2965F3D200038671 /* Debug */,
				1FB448CD2965F3D200038671 /* Release */,
			);
			defaultConfigurationIsVisible = 0;
			defaultConfigurationName = Release;
		};
		1FB448CE2965F3D200038671 /* Build configuration list for PBXNativeTarget "Nostur" */ = {
			isa = XCConfigurationList;
			buildConfigurations = (
				1FB448CF2965F3D200038671 /* Debug */,
				1FB448D02965F3D200038671 /* Release */,
			);
			defaultConfigurationIsVisible = 0;
			defaultConfigurationName = Release;
		};
		1FBCD6182CAAB112008258C3 /* Build configuration list for PBXNativeTarget "NosturTests" */ = {
			isa = XCConfigurationList;
			buildConfigurations = (
				1FBCD6192CAAB112008258C3 /* Debug */,
				1FBCD61A2CAAB112008258C3 /* Release */,
			);
			defaultConfigurationIsVisible = 0;
			defaultConfigurationName = Release;
		};
		1FC7A55229FA46F000645FEF /* Build configuration list for PBXNativeTarget "Share selected text with Nostur" */ = {
			isa = XCConfigurationList;
			buildConfigurations = (
				1FC7A55329FA46F000645FEF /* Debug */,
				1FC7A55429FA46F000645FEF /* Release */,
			);
			defaultConfigurationIsVisible = 0;
			defaultConfigurationName = Release;
		};
/* End XCConfigurationList section */

/* Begin XCRemoteSwiftPackageReference section */
		1F006B0829D0A9BE0048C6DD /* XCRemoteSwiftPackageReference "swift-algorithms" */ = {
			isa = XCRemoteSwiftPackageReference;
			repositoryURL = "https://github.com/apple/swift-algorithms.git";
			requirement = {
				kind = upToNextMajorVersion;
				minimumVersion = 1.0.0;
			};
		};
		1F2F54E82A0236E400B6D7E4 /* XCRemoteSwiftPackageReference "Gifu" */ = {
			isa = XCRemoteSwiftPackageReference;
			repositoryURL = "https://github.com/kaishin/Gifu.git";
			requirement = {
				kind = upToNextMajorVersion;
				minimumVersion = 3.4.1;
			};
		};
		1F3C8B732D22D175008231A9 /* XCRemoteSwiftPackageReference "secp256k1" */ = {
			isa = XCRemoteSwiftPackageReference;
			repositoryURL = "https://github.com/GigaBitcoin/secp256k1.swift";
			requirement = {
				kind = upToNextMajorVersion;
				minimumVersion = 0.12.2;
			};
		};
		1F558B3D29FE66CE002938A3 /* XCRemoteSwiftPackageReference "swift-collections" */ = {
			isa = XCRemoteSwiftPackageReference;
			repositoryURL = "https://github.com/apple/swift-collections.git";
			requirement = {
				kind = upToNextMajorVersion;
				minimumVersion = 1.0.0;
			};
		};
		1F747A0E2B3F1E9C0020F4A5 /* XCRemoteSwiftPackageReference "RepresentableKit" */ = {
			isa = XCRemoteSwiftPackageReference;
			repositoryURL = "https://github.com/fabianfabian/RepresentableKit";
			requirement = {
				branch = main;
				kind = branch;
			};
		};
		1F75257429962AA300477AF2 /* XCRemoteSwiftPackageReference "Nuke" */ = {
			isa = XCRemoteSwiftPackageReference;
			repositoryURL = "https://github.com/kean/Nuke";
			requirement = {
				kind = upToNextMinorVersion;
				minimumVersion = 12.8.0;
			};
		};
		1F77AD092A42133000585E12 /* XCRemoteSwiftPackageReference "swift-markdown-ui" */ = {
			isa = XCRemoteSwiftPackageReference;
			repositoryURL = "https://github.com/gonzalezreal/swift-markdown-ui";
			requirement = {
				kind = upToNextMajorVersion;
				minimumVersion = 2.4.1;
			};
		};
		1F7B218F2AE3D6C000CE972E /* XCRemoteSwiftPackageReference "nostr-essentials" */ = {
			isa = XCRemoteSwiftPackageReference;
			repositoryURL = "https://github.com/nostur-com/nostr-essentials";
			requirement = {
				kind = revision;
				revision = 8f3768f98c75b3fd2e3e45ae330823749f80548c;
			};
		};
		1F7D1E182E3D174D00395289 /* XCRemoteSwiftPackageReference "FFmpeg-iOS" */ = {
			isa = XCRemoteSwiftPackageReference;
			repositoryURL = "https://github.com/fabianfabian/FFmpeg-iOS";
			requirement = {
				branch = main;
				kind = branch;
			};
		};
		1FA6D5512C5A6A90001C3FDB /* XCRemoteSwiftPackageReference "swiftui-introspect" */ = {
			isa = XCRemoteSwiftPackageReference;
			repositoryURL = "https://github.com/siteline/swiftui-introspect";
			requirement = {
				kind = upToNextMajorVersion;
				minimumVersion = 1.3.0;
			};
		};
		1FA97AA42C3F61480091446A /* XCRemoteSwiftPackageReference "client-sdk-swift" */ = {
			isa = XCRemoteSwiftPackageReference;
			repositoryURL = "https://github.com/livekit/client-sdk-swift";
			requirement = {
				kind = upToNextMajorVersion;
				minimumVersion = 2.1.0;
			};
		};
		1FB6E6F329E31C71008BE8A6 /* XCRemoteSwiftPackageReference "swift-html-entities" */ = {
			isa = XCRemoteSwiftPackageReference;
			repositoryURL = "https://github.com/Kitura/swift-html-entities.git";
			requirement = {
				kind = upToNextMajorVersion;
				minimumVersion = 4.0.0;
			};
		};
		1FC4D4092997E58E004E88CD /* XCRemoteSwiftPackageReference "KeychainAccess" */ = {
			isa = XCRemoteSwiftPackageReference;
			repositoryURL = "https://github.com/kishikawakatsumi/KeychainAccess";
			requirement = {
				kind = revision;
				revision = ecb18d8ce4d88277cc4fb103973352d91e18c535;
			};
		};
		1FC5834D2BDDB98A000C3588 /* XCRemoteSwiftPackageReference "SwiftUIFlow" */ = {
			isa = XCRemoteSwiftPackageReference;
			repositoryURL = "https://github.com/ciaranrobrien/SwiftUIFlow";
			requirement = {
				kind = revision;
				revision = b300d3c0110116f3520066dfb8dcf3006cf593c3;
			};
		};
		1FE882892B48E9DC00A903F0 /* XCRemoteSwiftPackageReference "NavigationBackport" */ = {
			isa = XCRemoteSwiftPackageReference;
			repositoryURL = "https://github.com/johnpatrickmorgan/NavigationBackport";
			requirement = {
				kind = upToNextMajorVersion;
				minimumVersion = 0.9.3;
			};
		};
/* End XCRemoteSwiftPackageReference section */

/* Begin XCSwiftPackageProductDependency section */
		1F006B0929D0A9BE0048C6DD /* Algorithms */ = {
			isa = XCSwiftPackageProductDependency;
			package = 1F006B0829D0A9BE0048C6DD /* XCRemoteSwiftPackageReference "swift-algorithms" */;
			productName = Algorithms;
		};
		1F2F54E92A0236E500B6D7E4 /* Gifu */ = {
			isa = XCSwiftPackageProductDependency;
			package = 1F2F54E82A0236E400B6D7E4 /* XCRemoteSwiftPackageReference "Gifu" */;
			productName = Gifu;
		};
		1F3C8B742D22D175008231A9 /* secp256k1 */ = {
			isa = XCSwiftPackageProductDependency;
			package = 1F3C8B732D22D175008231A9 /* XCRemoteSwiftPackageReference "secp256k1" */;
			productName = secp256k1;
		};
		1F3E135329C89B9F00D076EA /* NukeVideo */ = {
			isa = XCSwiftPackageProductDependency;
			package = 1F75257429962AA300477AF2 /* XCRemoteSwiftPackageReference "Nuke" */;
			productName = NukeVideo;
		};
		1F747A0F2B3F1E9D0020F4A5 /* RepresentableKit */ = {
			isa = XCSwiftPackageProductDependency;
			package = 1F747A0E2B3F1E9C0020F4A5 /* XCRemoteSwiftPackageReference "RepresentableKit" */;
			productName = RepresentableKit;
		};
		1F75257529962AA300477AF2 /* Nuke */ = {
			isa = XCSwiftPackageProductDependency;
			package = 1F75257429962AA300477AF2 /* XCRemoteSwiftPackageReference "Nuke" */;
			productName = Nuke;
		};
		1F75257729962AA300477AF2 /* NukeExtensions */ = {
			isa = XCSwiftPackageProductDependency;
			package = 1F75257429962AA300477AF2 /* XCRemoteSwiftPackageReference "Nuke" */;
			productName = NukeExtensions;
		};
		1F75257929962AA300477AF2 /* NukeUI */ = {
			isa = XCSwiftPackageProductDependency;
			package = 1F75257429962AA300477AF2 /* XCRemoteSwiftPackageReference "Nuke" */;
			productName = NukeUI;
		};
		1F77AD0A2A42133000585E12 /* MarkdownUI */ = {
			isa = XCSwiftPackageProductDependency;
			package = 1F77AD092A42133000585E12 /* XCRemoteSwiftPackageReference "swift-markdown-ui" */;
			productName = MarkdownUI;
		};
		1F7B21902AE3D6C000CE972E /* NostrEssentials */ = {
			isa = XCSwiftPackageProductDependency;
			package = 1F7B218F2AE3D6C000CE972E /* XCRemoteSwiftPackageReference "nostr-essentials" */;
			productName = NostrEssentials;
		};
		1F7D18AE2E3D116B00395289 /* FFmpeg-iOS */ = {
			isa = XCSwiftPackageProductDependency;
			productName = "FFmpeg-iOS";
		};
		1F7D1E192E3D174D00395289 /* FFmpeg-iOS */ = {
			isa = XCSwiftPackageProductDependency;
			package = 1F7D1E182E3D174D00395289 /* XCRemoteSwiftPackageReference "FFmpeg-iOS" */;
			productName = "FFmpeg-iOS";
		};
		1F91D8F52A17C55F00C419A3 /* Collections */ = {
			isa = XCSwiftPackageProductDependency;
			package = 1F558B3D29FE66CE002938A3 /* XCRemoteSwiftPackageReference "swift-collections" */;
			productName = Collections;
		};
		1FA6D5522C5A6A90001C3FDB /* SwiftUIIntrospect */ = {
			isa = XCSwiftPackageProductDependency;
			package = 1FA6D5512C5A6A90001C3FDB /* XCRemoteSwiftPackageReference "swiftui-introspect" */;
			productName = SwiftUIIntrospect;
		};
		1FA97AA52C3F61480091446A /* LiveKit */ = {
			isa = XCSwiftPackageProductDependency;
			package = 1FA97AA42C3F61480091446A /* XCRemoteSwiftPackageReference "client-sdk-swift" */;
			productName = LiveKit;
		};
		1FB6E6F429E31C71008BE8A6 /* HTMLEntities */ = {
			isa = XCSwiftPackageProductDependency;
			package = 1FB6E6F329E31C71008BE8A6 /* XCRemoteSwiftPackageReference "swift-html-entities" */;
			productName = HTMLEntities;
		};
		1FC4D40A2997E58E004E88CD /* KeychainAccess */ = {
			isa = XCSwiftPackageProductDependency;
			package = 1FC4D4092997E58E004E88CD /* XCRemoteSwiftPackageReference "KeychainAccess" */;
			productName = KeychainAccess;
		};
		1FC5834E2BDDBA5B000C3588 /* SwiftUIFlow */ = {
			isa = XCSwiftPackageProductDependency;
			package = 1FC5834D2BDDB98A000C3588 /* XCRemoteSwiftPackageReference "SwiftUIFlow" */;
			productName = SwiftUIFlow;
		};
		1FE8828A2B48E9DC00A903F0 /* NavigationBackport */ = {
			isa = XCSwiftPackageProductDependency;
			package = 1FE882892B48E9DC00A903F0 /* XCRemoteSwiftPackageReference "NavigationBackport" */;
			productName = NavigationBackport;
		};
/* End XCSwiftPackageProductDependency section */
	};
	rootObject = 1FB448B22965F3D000038671 /* Project object */;
}
